
Microsoft Visual Studio Solution File, Format Version 12.00
# Visual Studio 15
VisualStudioVersion = 15.0.27130.2036
MinimumVisualStudioVersion = 10.0.40219.1
Project("{FAE04EC0-301F-11D3-BF4B-00C04F79EFBC}") = "StringCalculatorKata", "StringCalculatorKata\StringCalculatorKata.csproj", "{59AB110C-7A12-4ECD-B0F9-EC53DD6685D8}"
EndProject
Project("{FAE04EC0-301F-11D3-BF4B-00C04F79EFBC}") = "StringCalculatorKata.Tests", "StringCalculatorKata.Tests\StringCalculatorKata.Tests.csproj", "{5B223252-4070-45A4-8270-6781F9A54B2F}"
EndProject
Global
	GlobalSection(SolutionConfigurationPlatforms) = preSolution
		Debug|Any CPU = Debug|Any CPU
		Release|Any CPU = Release|Any CPU
	EndGlobalSection
	GlobalSection(ProjectConfigurationPlatforms) = postSolution
		{59AB110C-7A12-4ECD-B0F9-EC53DD6685D8}.Debug|Any CPU.ActiveCfg = Debug|Any CPU
		{59AB110C-7A12-4ECD-B0F9-EC53DD6685D8}.Debug|Any CPU.Build.0 = Debug|Any CPU
		{59AB110C-7A12-4ECD-B0F9-EC53DD6685D8}.Release|Any CPU.ActiveCfg = Release|Any CPU
		{59AB110C-7A12-4ECD-B0F9-EC53DD6685D8}.Release|Any CPU.Build.0 = Release|Any CPU
		{5B223252-4070-45A4-8270-6781F9A54B2F}.Debug|Any CPU.ActiveCfg = Debug|Any CPU
		{5B223252-4070-45A4-8270-6781F9A54B2F}.Debug|Any CPU.Build.0 = Debug|Any CPU
		{5B223252-4070-45A4-8270-6781F9A54B2F}.Release|Any CPU.ActiveCfg = Release|Any CPU
		{5B223252-4070-45A4-8270-6781F9A54B2F}.Release|Any CPU.Build.0 = Release|Any CPU
	EndGlobalSection
	GlobalSection(SolutionProperties) = preSolution
		HideSolutionNode = FALSE
	EndGlobalSection
	GlobalSection(ExtensibilityGlobals) = postSolution
		SolutionGuid = {41BE0E14-1042-46CB-A2ED-F14BFC02630B}
	EndGlobalSection
EndGlobal
